
Microsoft Visual Studio Solution File, Format Version 12.00
# Visual Studio Version 16
VisualStudioVersion = 16.0.29102.190
MinimumVisualStudioVersion = 10.0.40219.1
Project("{FAE04EC0-301F-11D3-BF4B-00C04F79EFBC}") = "迭代语句do.while语句", "迭代语句do.while语句.csproj", "{B87F4A31-9500-4F53-A46C-E59F879B2558}"
EndProject
Global
	GlobalSection(SolutionConfigurationPlatforms) = preSolution
		Debug|Any CPU = Debug|Any CPU
		Release|Any CPU = Release|Any CPU
	EndGlobalSection
	GlobalSection(ProjectConfigurationPlatforms) = postSolution
		{B87F4A31-9500-4F53-A46C-E59F879B2558}.Debug|Any CPU.ActiveCfg = Debug|Any CPU
		{B87F4A31-9500-4F53-A46C-E59F879B2558}.Debug|Any CPU.Build.0 = Debug|Any CPU
		{B87F4A31-9500-4F53-A46C-E59F879B2558}.Release|Any CPU.ActiveCfg = Release|Any CPU
		{B87F4A31-9500-4F53-A46C-E59F879B2558}.Release|Any CPU.Build.0 = Release|Any CPU
	EndGlobalSection
	GlobalSection(SolutionProperties) = preSolution
		HideSolutionNode = FALSE
	EndGlobalSection
	GlobalSection(ExtensibilityGlobals) = postSolution
		SolutionGuid = {CD0B043B-A77B-4351-985B-B61EB9D17869}
	EndGlobalSection
EndGlobal
